
Microsoft Visual Studio Solution File, Format Version 12.00
# Visual Studio 15
VisualStudioVersion = 15.0.27617.1
MinimumVisualStudioVersion = 10.0.40219.1
Project("{2150E333-8FDC-42A3-9474-1A3956D46DE8}") = "src", "src", "{57EDFA08-531E-4767-A668-F43506041C38}"
EndProject
Project("{9A19103F-16F7-4668-BE54-9A1E7A4F7556}") = "CachedRepoSample", "src\CachedRepoSample\CachedRepoSample.csproj", "{984CAF80-F67A-4552-BCA2-0E05802E591E}"
EndProject
Global
	GlobalSection(SolutionConfigurationPlatforms) = preSolution
		Debug|Any CPU = Debug|Any CPU
		Release|Any CPU = Release|Any CPU
	EndGlobalSection
	GlobalSection(ProjectConfigurationPlatforms) = postSolution
		{984CAF80-F67A-4552-BCA2-0E05802E591E}.Debug|Any CPU.ActiveCfg = Debug|Any CPU
		{984CAF80-F67A-4552-BCA2-0E05802E591E}.Debug|Any CPU.Build.0 = Debug|Any CPU
		{984CAF80-F67A-4552-BCA2-0E05802E591E}.Release|Any CPU.ActiveCfg = Release|Any CPU
		{984CAF80-F67A-4552-BCA2-0E05802E591E}.Release|Any CPU.Build.0 = Release|Any CPU
	EndGlobalSection
	GlobalSection(SolutionProperties) = preSolution
		HideSolutionNode = FALSE
	EndGlobalSection
	GlobalSection(NestedProjects) = preSolution
		{984CAF80-F67A-4552-BCA2-0E05802E591E} = {57EDFA08-531E-4767-A668-F43506041C38}
	EndGlobalSection
	GlobalSection(ExtensibilityGlobals) = postSolution
		SolutionGuid = {B5CC07DE-3729-49C0-85C2-6FC51219126A}
	EndGlobalSection
EndGlobal
